// !$*UTF8*$!
{
	archiveVersion = 1;
	classes = {
	};
	objectVersion = 46;
	objects = {

/* Begin PBXBuildFile section */
		A102CC371D11528B00D9B8E2 /* main.m in Sources */ = {isa = PBXBuildFile; fileRef = A102CC361D11528B00D9B8E2 /* main.m */; };
		A102CC3A1D11528B00D9B8E2 /* AppDelegate.m in Sources */ = {isa = PBXBuildFile; fileRef = A102CC391D11528B00D9B8E2 /* AppDelegate.m */; };
		A102CC3D1D11528B00D9B8E2 /* ViewController.m in Sources */ = {isa = PBXBuildFile; fileRef = A102CC3C1D11528B00D9B8E2 /* ViewController.m */; };
		A102CC401D11528B00D9B8E2 /* Main.storyboard in Resources */ = {isa = PBXBuildFile; fileRef = A102CC3E1D11528B00D9B8E2 /* Main.storyboard */; };
		A102CC421D11528B00D9B8E2 /* Assets.xcassets in Resources */ = {isa = PBXBuildFile; fileRef = A102CC411D11528B00D9B8E2 /* Assets.xcassets */; };
		A102CC451D11528B00D9B8E2 /* LaunchScreen.storyboard in Resources */ = {isa = PBXBuildFile; fileRef = A102CC431D11528B00D9B8E2 /* LaunchScreen.storyboard */; };
		A15F762F1D1BBD90008BE7E4 /* TestModel3.m in Sources */ = {isa = PBXBuildFile; fileRef = A15F762E1D1BBD90008BE7E4 /* TestModel3.m */; };
		A18C63AA1D117060006187DD /* TestModel1.m in Sources */ = {isa = PBXBuildFile; fileRef = A18C63A91D117060006187DD /* TestModel1.m */; };
		A18C63AD1D117119006187DD /* TestModel2.m in Sources */ = {isa = PBXBuildFile; fileRef = A18C63AC1D117119006187DD /* TestModel2.m */; };
		A18C63B11D1176C1006187DD /* NSObject+JSONToModel.m in Sources */ = {isa = PBXBuildFile; fileRef = A18C63B01D1176C1006187DD /* NSObject+JSONToModel.m */; };
		A1C7ADA21D11575B00783769 /* GET.m in Sources */ = {isa = PBXBuildFile; fileRef = A1C7AD9F1D11575B00783769 /* GET.m */; };
		A1C7ADA31D11575B00783769 /* POST.m in Sources */ = {isa = PBXBuildFile; fileRef = A1C7ADA11D11575B00783769 /* POST.m */; };
		A1D362331D1BC888009680BE /* TestModel1.json in Resources */ = {isa = PBXBuildFile; fileRef = A1D362301D1BC888009680BE /* TestModel1.json */; };
		A1D362341D1BC888009680BE /* TestModel2.json in Resources */ = {isa = PBXBuildFile; fileRef = A1D362311D1BC888009680BE /* TestModel2.json */; };
		A1D362351D1BC888009680BE /* TestModel3.json in Resources */ = {isa = PBXBuildFile; fileRef = A1D362321D1BC888009680BE /* TestModel3.json */; };
/* End PBXBuildFile section */

/* Begin PBXFileReference section */
		A102CC321D11528B00D9B8E2 /* JSONToModel.app */ = {isa = PBXFileReference; explicitFileType = wrapper.application; includeInIndex = 0; path = JSONToModel.app; sourceTree = BUILT_PRODUCTS_DIR; };
		A102CC361D11528B00D9B8E2 /* main.m */ = {isa = PBXFileReference; lastKnownFileType = sourcecode.c.objc; path = main.m; sourceTree = "<group>"; };
		A102CC381D11528B00D9B8E2 /* AppDelegate.h */ = {isa = PBXFileReference; lastKnownFileType = sourcecode.c.h; path = AppDelegate.h; sourceTree = "<group>"; };
		A102CC391D11528B00D9B8E2 /* AppDelegate.m */ = {isa = PBXFileReference; lastKnownFileType = sourcecode.c.objc; path = AppDelegate.m; sourceTree = "<group>"; };
		A102CC3B1D11528B00D9B8E2 /* ViewController.h */ = {isa = PBXFileReference; lastKnownFileType = sourcecode.c.h; path = ViewController.h; sourceTree = "<group>"; };
		A102CC3C1D11528B00D9B8E2 /* ViewController.m */ = {isa = PBXFileReference; lastKnownFileType = sourcecode.c.objc; path = ViewController.m; sourceTree = "<group>"; };
		A102CC3F1D11528B00D9B8E2 /* Base */ = {isa = PBXFileReference; lastKnownFileType = file.storyboard; name = Base; path = Base.lproj/Main.storyboard; sourceTree = "<group>"; };
		A102CC411D11528B00D9B8E2 /* Assets.xcassets */ = {isa = PBXFileReference; lastKnownFileType = folder.assetcatalog; path = Assets.xcassets; sourceTree = "<group>"; };
		A102CC441D11528B00D9B8E2 /* Base */ = {isa = PBXFileReference; lastKnownFileType = file.storyboard; name = Base; path = Base.lproj/LaunchScreen.storyboard; sourceTree = "<group>"; };
		A102CC461D11528B00D9B8E2 /* Info.plist */ = {isa = PBXFileReference; lastKnownFileType = text.plist.xml; path = Info.plist; sourceTree = "<group>"; };
		A15F762D1D1BBD90008BE7E4 /* TestModel3.h */ = {isa = PBXFileReference; fileEncoding = 4; lastKnownFileType = sourcecode.c.h; path = TestModel3.h; sourceTree = "<group>"; };
		A15F762E1D1BBD90008BE7E4 /* TestModel3.m */ = {isa = PBXFileReference; fileEncoding = 4; lastKnownFileType = sourcecode.c.objc; path = TestModel3.m; sourceTree = "<group>"; };
		A18C63A81D117060006187DD /* TestModel1.h */ = {isa = PBXFileReference; fileEncoding = 4; lastKnownFileType = sourcecode.c.h; path = TestModel1.h; sourceTree = "<group>"; };
		A18C63A91D117060006187DD /* TestModel1.m */ = {isa = PBXFileReference; fileEncoding = 4; lastKnownFileType = sourcecode.c.objc; path = TestModel1.m; sourceTree = "<group>"; };
		A18C63AB1D117119006187DD /* TestModel2.h */ = {isa = PBXFileReference; fileEncoding = 4; lastKnownFileType = sourcecode.c.h; path = TestModel2.h; sourceTree = "<group>"; };
		A18C63AC1D117119006187DD /* TestModel2.m */ = {isa = PBXFileReference; fileEncoding = 4; lastKnownFileType = sourcecode.c.objc; path = TestModel2.m; sourceTree = "<group>"; };
		A18C63AF1D1176C1006187DD /* NSObject+JSONToModel.h */ = {isa = PBXFileReference; fileEncoding = 4; lastKnownFileType = sourcecode.c.h; path = "NSObject+JSONToModel.h"; sourceTree = "<group>"; };
		A18C63B01D1176C1006187DD /* NSObject+JSONToModel.m */ = {isa = PBXFileReference; fileEncoding = 4; lastKnownFileType = sourcecode.c.objc; path = "NSObject+JSONToModel.m"; sourceTree = "<group>"; };
		A1C7AD9E1D11575B00783769 /* GET.h */ = {isa = PBXFileReference; fileEncoding = 4; lastKnownFileType = sourcecode.c.h; path = GET.h; sourceTree = "<group>"; };
		A1C7AD9F1D11575B00783769 /* GET.m */ = {isa = PBXFileReference; fileEncoding = 4; lastKnownFileType = sourcecode.c.objc; path = GET.m; sourceTree = "<group>"; };
		A1C7ADA01D11575B00783769 /* POST.h */ = {isa = PBXFileReference; fileEncoding = 4; lastKnownFileType = sourcecode.c.h; path = POST.h; sourceTree = "<group>"; };
		A1C7ADA11D11575B00783769 /* POST.m */ = {isa = PBXFileReference; fileEncoding = 4; lastKnownFileType = sourcecode.c.objc; path = POST.m; sourceTree = "<group>"; };
		A1D362301D1BC888009680BE /* TestModel1.json */ = {isa = PBXFileReference; fileEncoding = 4; lastKnownFileType = text.json; path = TestModel1.json; sourceTree = "<group>"; };
		A1D362311D1BC888009680BE /* TestModel2.json */ = {isa = PBXFileReference; fileEncoding = 4; lastKnownFileType = text.json; path = TestModel2.json; sourceTree = "<group>"; };
		A1D362321D1BC888009680BE /* TestModel3.json */ = {isa = PBXFileReference; fileEncoding = 4; lastKnownFileType = text.json; path = TestModel3.json; sourceTree = "<group>"; };
/* End PBXFileReference section */

/* Begin PBXFrameworksBuildPhase section */
		A102CC2F1D11528B00D9B8E2 /* Frameworks */ = {
			isa = PBXFrameworksBuildPhase;
			buildActionMask = 2147483647;
			files = (
			);
			runOnlyForDeploymentPostprocessing = 0;
		};
/* End PBXFrameworksBuildPhase section */

/* Begin PBXGroup section */
		A102CC291D11528B00D9B8E2 = {
			isa = PBXGroup;
			children = (
				A102CC341D11528B00D9B8E2 /* JSONToModel */,
				A102CC331D11528B00D9B8E2 /* Products */,
			);
			sourceTree = "<group>";
		};
		A102CC331D11528B00D9B8E2 /* Products */ = {
			isa = PBXGroup;
			children = (
				A102CC321D11528B00D9B8E2 /* JSONToModel.app */,
			);
			name = Products;
			sourceTree = "<group>";
		};
		A102CC341D11528B00D9B8E2 /* JSONToModel */ = {
			isa = PBXGroup;
			children = (
				A18C63AE1D1176C1006187DD /* Category */,
				A18C63A71D117048006187DD /* Model */,
				A1C7AD9D1D11575B00783769 /* Network */,
				A102CC381D11528B00D9B8E2 /* AppDelegate.h */,
				A102CC391D11528B00D9B8E2 /* AppDelegate.m */,
				A102CC3B1D11528B00D9B8E2 /* ViewController.h */,
				A102CC3C1D11528B00D9B8E2 /* ViewController.m */,
				A102CC3E1D11528B00D9B8E2 /* Main.storyboard */,
				A102CC411D11528B00D9B8E2 /* Assets.xcassets */,
				A102CC431D11528B00D9B8E2 /* LaunchScreen.storyboard */,
				A102CC461D11528B00D9B8E2 /* Info.plist */,
				A102CC351D11528B00D9B8E2 /* Supporting Files */,
			);
			path = JSONToModel;
			sourceTree = "<group>";
		};
		A102CC351D11528B00D9B8E2 /* Supporting Files */ = {
			isa = PBXGroup;
			children = (
				A102CC361D11528B00D9B8E2 /* main.m */,
			);
			name = "Supporting Files";
			sourceTree = "<group>";
		};
		A18C63A71D117048006187DD /* Model */ = {
			isa = PBXGroup;
			children = (
				A18C63A81D117060006187DD /* TestModel1.h */,
				A18C63A91D117060006187DD /* TestModel1.m */,
				A1D362301D1BC888009680BE /* TestModel1.json */,
				A18C63AB1D117119006187DD /* TestModel2.h */,
				A18C63AC1D117119006187DD /* TestModel2.m */,
				A1D362311D1BC888009680BE /* TestModel2.json */,
				A15F762D1D1BBD90008BE7E4 /* TestModel3.h */,
				A15F762E1D1BBD90008BE7E4 /* TestModel3.m */,
				A1D362321D1BC888009680BE /* TestModel3.json */,
			);
			path = Model;
			sourceTree = "<group>";
		};
		A18C63AE1D1176C1006187DD /* Category */ = {
			isa = PBXGroup;
			children = (
				A18C63AF1D1176C1006187DD /* NSObject+JSONToModel.h */,
				A18C63B01D1176C1006187DD /* NSObject+JSONToModel.m */,
			);
			path = Category;
			sourceTree = "<group>";
		};
		A1C7AD9D1D11575B00783769 /* Network */ = {
			isa = PBXGroup;
			children = (
				A1C7AD9E1D11575B00783769 /* GET.h */,
				A1C7AD9F1D11575B00783769 /* GET.m */,
				A1C7ADA01D11575B00783769 /* POST.h */,
				A1C7ADA11D11575B00783769 /* POST.m */,
			);
			path = Network;
			sourceTree = "<group>";
		};
/* End PBXGroup section */

/* Begin PBXNativeTarget section */
		A102CC311D11528B00D9B8E2 /* JSONToModel */ = {
			isa = PBXNativeTarget;
			buildConfigurationList = A102CC491D11528B00D9B8E2 /* Build configuration list for PBXNativeTarget "JSONToModel" */;
			buildPhases = (
				A102CC2E1D11528B00D9B8E2 /* Sources */,
				A102CC2F1D11528B00D9B8E2 /* Frameworks */,
				A102CC301D11528B00D9B8E2 /* Resources */,
			);
			buildRules = (
			);
			dependencies = (
			);
			name = JSONToModel;
			productName = JSONToModel;
			productReference = A102CC321D11528B00D9B8E2 /* JSONToModel.app */;
			productType = "com.apple.product-type.application";
		};
/* End PBXNativeTarget section */

/* Begin PBXProject section */
		A102CC2A1D11528B00D9B8E2 /* Project object */ = {
			isa = PBXProject;
			attributes = {
				LastUpgradeCheck = 0730;
				ORGANIZATIONNAME = andy;
				TargetAttributes = {
					A102CC311D11528B00D9B8E2 = {
						CreatedOnToolsVersion = 7.3.1;
					};
				};
			};
			buildConfigurationList = A102CC2D1D11528B00D9B8E2 /* Build configuration list for PBXProject "JSONToModel" */;
			compatibilityVersion = "Xcode 3.2";
			developmentRegion = English;
			hasScannedForEncodings = 0;
			knownRegions = (
				en,
				Base,
			);
			mainGroup = A102CC291D11528B00D9B8E2;
			productRefGroup = A102CC331D11528B00D9B8E2 /* Products */;
			projectDirPath = "";
			projectRoot = "";
			targets = (
				A102CC311D11528B00D9B8E2 /* JSONToModel */,
			);
		};
/* End PBXProject section */

/* Begin PBXResourcesBuildPhase section */
		A102CC301D11528B00D9B8E2 /* Resources */ = {
			isa = PBXResourcesBuildPhase;
			buildActionMask = 2147483647;
			files = (
				A1D362341D1BC888009680BE /* TestModel2.json in Resources */,
				A102CC451D11528B00D9B8E2 /* LaunchScreen.storyboard in Resources */,
				A1D362331D1BC888009680BE /* TestModel1.json in Resources */,
				A1D362351D1BC888009680BE /* TestModel3.json in Resources */,
				A102CC421D11528B00D9B8E2 /* Assets.xcassets in Resources */,
				A102CC401D11528B00D9B8E2 /* Main.storyboard in Resources */,
			);
			runOnlyForDeploymentPostprocessing = 0;
		};
/* End PBXResourcesBuildPhase section */

/* Begin PBXSourcesBuildPhase section */
		A102CC2E1D11528B00D9B8E2 /* Sources */ = {
			isa = PBXSourcesBuildPhase;
			buildActionMask = 2147483647;
			files = (
				A1C7ADA21D11575B00783769 /* GET.m in Sources */,
				A18C63AD1D117119006187DD /* TestModel2.m in Sources */,
				A18C63B11D1176C1006187DD /* NSObject+JSONToModel.m in Sources */,
				A15F762F1D1BBD90008BE7E4 /* TestModel3.m in Sources */,
				A1C7ADA31D11575B00783769 /* POST.m in Sources */,
				A102CC3D1D11528B00D9B8E2 /* ViewController.m in Sources */,
				A18C63AA1D117060006187DD /* TestModel1.m in Sources */,
				A102CC3A1D11528B00D9B8E2 /* AppDelegate.m in Sources */,
				A102CC371D11528B00D9B8E2 /* main.m in Sources */,
			);
			runOnlyForDeploymentPostprocessing = 0;
		};
/* End PBXSourcesBuildPhase section */

/* Begin PBXVariantGroup section */
		A102CC3E1D11528B00D9B8E2 /* Main.storyboard */ = {
			isa = PBXVariantGroup;
			children = (
				A102CC3F1D11528B00D9B8E2 /* Base */,
			);
			name = Main.storyboard;
			sourceTree = "<group>";
		};
		A102CC431D11528B00D9B8E2 /* LaunchScreen.storyboard */ = {
			isa = PBXVariantGroup;
			children = (
				A102CC441D11528B00D9B8E2 /* Base */,
			);
			name = LaunchScreen.storyboard;
			sourceTree = "<group>";
		};
/* End PBXVariantGroup section */

/* Begin XCBuildConfiguration section */
		A102CC471D11528B00D9B8E2 /* Debug */ = {
			isa = XCBuildConfiguration;
			buildSettings = {
				ALWAYS_SEARCH_USER_PATHS = NO;
				CLANG_ANALYZER_NONNULL = YES;
				CLANG_CXX_LANGUAGE_STANDARD = "gnu++0x";
				CLANG_CXX_LIBRARY = "libc++";
				CLANG_ENABLE_MODULES = YES;
				CLANG_ENABLE_OBJC_ARC = YES;
				CLANG_WARN_BOOL_CONVERSION = YES;
				CLANG_WARN_CONSTANT_CONVERSION = YES;
				CLANG_WARN_DIRECT_OBJC_ISA_USAGE = YES_ERROR;
				CLANG_WARN_EMPTY_BODY = YES;
				CLANG_WARN_ENUM_CONVERSION = YES;
				CLANG_WARN_INT_CONVERSION = YES;
				CLANG_WARN_OBJC_ROOT_CLASS = YES_ERROR;
				CLANG_WARN_UNREACHABLE_CODE = YES;
				CLANG_WARN__DUPLICATE_METHOD_MATCH = YES;
				"CODE_SIGN_IDENTITY[sdk=iphoneos*]" = "iPhone Developer";
				COPY_PHASE_STRIP = NO;
				DEBUG_INFORMATION_FORMAT = dwarf;
				ENABLE_STRICT_OBJC_MSGSEND = YES;
				ENABLE_TESTABILITY = YES;
				GCC_C_LANGUAGE_STANDARD = gnu99;
				GCC_DYNAMIC_NO_PIC = NO;
				GCC_NO_COMMON_BLOCKS = YES;
				GCC_OPTIMIZATION_LEVEL = 0;
				GCC_PREPROCESSOR_DEFINITIONS = (
					"DEBUG=1",
					"$(inherited)",
				);
				GCC_WARN_64_TO_32_BIT_CONVERSION = YES;
				GCC_WARN_ABOUT_RETURN_TYPE = YES_ERROR;
				GCC_WARN_UNDECLARED_SELECTOR = YES;
				GCC_WARN_UNINITIALIZED_AUTOS = YES_AGGRESSIVE;
				GCC_WARN_UNUSED_FUNCTION = YES;
				GCC_WARN_UNUSED_VARIABLE = YES;
				IPHONEOS_DEPLOYMENT_TARGET = 9.3;
				MTL_ENABLE_DEBUG_INFO = YES;
				ONLY_ACTIVE_ARCH = YES;
				SDKROOT = iphoneos;
			};
			name = Debug;
		};
		A102CC481D11528B00D9B8E2 /* Release */ = {
			isa = XCBuildConfiguration;
			buildSettings = {
				ALWAYS_SEARCH_USER_PATHS = NO;
				CLANG_ANALYZER_NONNULL = YES;
				CLANG_CXX_LANGUAGE_STANDARD = "gnu++0x";
				CLANG_CXX_LIBRARY = "libc++";
				CLANG_ENABLE_MODULES = YES;
				CLANG_ENABLE_OBJC_ARC = YES;
				CLANG_WARN_BOOL_CONVERSION = YES;
				CLANG_WARN_CONSTANT_CONVERSION = YES;
				CLANG_WARN_DIRECT_OBJC_ISA_USAGE = YES_ERROR;
				CLANG_WARN_EMPTY_BODY = YES;
				CLANG_WARN_ENUM_CONVERSION = YES;
				CLANG_WARN_INT_CONVERSION = YES;
				CLANG_WARN_OBJC_ROOT_CLASS = YES_ERROR;
				CLANG_WARN_UNREACHABLE_CODE = YES;
				CLANG_WARN__DUPLICATE_METHOD_MATCH = YES;
				"CODE_SIGN_IDENTITY[sdk=iphoneos*]" = "iPhone Developer";
				COPY_PHASE_STRIP = NO;
				DEBUG_INFORMATION_FORMAT = "dwarf-with-dsym";
				ENABLE_NS_ASSERTIONS = NO;
				ENABLE_STRICT_OBJC_MSGSEND = YES;
				GCC_C_LANGUAGE_STANDARD = gnu99;
				GCC_NO_COMMON_BLOCKS = YES;
				GCC_WARN_64_TO_32_BIT_CONVERSION = YES;
				GCC_WARN_ABOUT_RETURN_TYPE = YES_ERROR;
				GCC_WARN_UNDECLARED_SELECTOR = YES;
				GCC_WARN_UNINITIALIZED_AUTOS = YES_AGGRESSIVE;
				GCC_WARN_UNUSED_FUNCTION = YES;
				GCC_WARN_UNUSED_VARIABLE = YES;
				IPHONEOS_DEPLOYMENT_TARGET = 9.3;
				MTL_ENABLE_DEBUG_INFO = NO;
				SDKROOT = iphoneos;
				VALIDATE_PRODUCT = YES;
			};
			name = Release;
		};
		A102CC4A1D11528B00D9B8E2 /* Debug */ = {
			isa = XCBuildConfiguration;
			buildSettings = {
				ASSETCATALOG_COMPILER_APPICON_NAME = AppIcon;
				INFOPLIST_FILE = JSONToModel/Info.plist;
				LD_RUNPATH_SEARCH_PATHS = "$(inherited) @executable_path/Frameworks";
				PRODUCT_BUNDLE_IDENTIFIER = andy.JSONToModel;
				PRODUCT_NAME = "$(TARGET_NAME)";
			};
			name = Debug;
		};
		A102CC4B1D11528B00D9B8E2 /* Release */ = {
			isa = XCBuildConfiguration;
			buildSettings = {
				ASSETCATALOG_COMPILER_APPICON_NAME = AppIcon;
				INFOPLIST_FILE = JSONToModel/Info.plist;
				LD_RUNPATH_SEARCH_PATHS = "$(inherited) @executable_path/Frameworks";
				PRODUCT_BUNDLE_IDENTIFIER = andy.JSONToModel;
				PRODUCT_NAME = "$(TARGET_NAME)";
			};
			name = Release;
		};
/* End XCBuildConfiguration section */

/* Begin XCConfigurationList section */
		A102CC2D1D11528B00D9B8E2 /* Build configuration list for PBXProject "JSONToModel" */ = {
			isa = XCConfigurationList;
			buildConfigurations = (
				A102CC471D11528B00D9B8E2 /* Debug */,
				A102CC481D11528B00D9B8E2 /* Release */,
			);
			defaultConfigurationIsVisible = 0;
			defaultConfigurationName = Release;
		};
		A102CC491D11528B00D9B8E2 /* Build configuration list for PBXNativeTarget "JSONToModel" */ = {
			isa = XCConfigurationList;
			buildConfigurations = (
				A102CC4A1D11528B00D9B8E2 /* Debug */,
				A102CC4B1D11528B00D9B8E2 /* Release */,
			);
			defaultConfigurationIsVisible = 0;
			defaultConfigurationName = Release;
		};
/* End XCConfigurationList section */
	};
	rootObject = A102CC2A1D11528B00D9B8E2 /* Project object */;
}
